
Microsoft Visual Studio Solution File, Format Version 12.00
# Visual Studio Version 16
VisualStudioVersion = 16.0.32106.194
MinimumVisualStudioVersion = 10.0.40219.1
Project("{FAE04EC0-301F-11D3-BF4B-00C04F79EFBC}") = "SportwearStore", "SportwearStore\SportwearStore.csproj", "{DCB45257-764F-4EBC-8B41-F8D3D04ABB57}"
EndProject
Global
	GlobalSection(SolutionConfigurationPlatforms) = preSolution
		Debug|Any CPU = Debug|Any CPU
		Release|Any CPU = Release|Any CPU
	EndGlobalSection
	GlobalSection(ProjectConfigurationPlatforms) = postSolution
		{DCB45257-764F-4EBC-8B41-F8D3D04ABB57}.Debug|Any CPU.ActiveCfg = Debug|Any CPU
		{DCB45257-764F-4EBC-8B41-F8D3D04ABB57}.Debug|Any CPU.Build.0 = Debug|Any CPU
		{DCB45257-764F-4EBC-8B41-F8D3D04ABB57}.Release|Any CPU.ActiveCfg = Release|Any CPU
		{DCB45257-764F-4EBC-8B41-F8D3D04ABB57}.Release|Any CPU.Build.0 = Release|Any CPU
	EndGlobalSection
	GlobalSection(SolutionProperties) = preSolution
		HideSolutionNode = FALSE
	EndGlobalSection
	GlobalSection(ExtensibilityGlobals) = postSolution
		SolutionGuid = {44527BA5-C467-4332-9E9A-BFBBF1DF9227}
	EndGlobalSection
EndGlobal
